
Microsoft Visual Studio Solution File, Format Version 12.00
# Visual Studio Version 16
VisualStudioVersion = 16.0.30104.148
MinimumVisualStudioVersion = 10.0.40219.1
Project("{9A19103F-16F7-4668-BE54-9A1E7A4F7556}") = "newchatpage", "newchatpage\newchatpage.csproj", "{C73184D1-D107-4447-A2CB-605F6421E29F}"
EndProject
Global
	GlobalSection(SolutionConfigurationPlatforms) = preSolution
		Debug|Any CPU = Debug|Any CPU
		Release|Any CPU = Release|Any CPU
	EndGlobalSection
	GlobalSection(ProjectConfigurationPlatforms) = postSolution
		{C73184D1-D107-4447-A2CB-605F6421E29F}.Debug|Any CPU.ActiveCfg = Debug|Any CPU
		{C73184D1-D107-4447-A2CB-605F6421E29F}.Debug|Any CPU.Build.0 = Debug|Any CPU
		{C73184D1-D107-4447-A2CB-605F6421E29F}.Release|Any CPU.ActiveCfg = Release|Any CPU
		{C73184D1-D107-4447-A2CB-605F6421E29F}.Release|Any CPU.Build.0 = Release|Any CPU
	EndGlobalSection
	GlobalSection(SolutionProperties) = preSolution
		HideSolutionNode = FALSE
	EndGlobalSection
	GlobalSection(ExtensibilityGlobals) = postSolution
		SolutionGuid = {E3CC24A7-C340-470A-B7BF-E6235668CD96}
	EndGlobalSection
EndGlobal
